// !$*UTF8*$!
{
	archiveVersion = 1;
	classes = {
	};
	objectVersion = 56;
	objects = {

/* Begin PBXBuildFile section */
		F996E4CA2AE4D82600EC3E70 /* LoggerApp.swift in Sources */ = {isa = PBXBuildFile; fileRef = F996E4C92AE4D82600EC3E70 /* LoggerApp.swift */; };
		F996E4CC2AE4D82600EC3E70 /* MainView.swift in Sources */ = {isa = PBXBuildFile; fileRef = F996E4CB2AE4D82600EC3E70 /* MainView.swift */; };
		F996E4CE2AE4D82600EC3E70 /* LocationItem.swift in Sources */ = {isa = PBXBuildFile; fileRef = F996E4CD2AE4D82600EC3E70 /* LocationItem.swift */; };
		F996E4D02AE4D82700EC3E70 /* Assets.xcassets in Resources */ = {isa = PBXBuildFile; fileRef = F996E4CF2AE4D82700EC3E70 /* Assets.xcassets */; };
		F996E4D42AE4D82700EC3E70 /* Preview Assets.xcassets in Resources */ = {isa = PBXBuildFile; fileRef = F996E4D32AE4D82700EC3E70 /* Preview Assets.xcassets */; };
		F996E4DE2AE4D82700EC3E70 /* gpslogger_swiftuiTests.swift in Sources */ = {isa = PBXBuildFile; fileRef = F996E4DD2AE4D82700EC3E70 /* gpslogger_swiftuiTests.swift */; };
		F996E4E82AE4D82800EC3E70 /* gpslogger_swiftuiUITests.swift in Sources */ = {isa = PBXBuildFile; fileRef = F996E4E72AE4D82800EC3E70 /* gpslogger_swiftuiUITests.swift */; };
		F996E4EA2AE4D82800EC3E70 /* gpslogger_swiftuiUITestsLaunchTests.swift in Sources */ = {isa = PBXBuildFile; fileRef = F996E4E92AE4D82800EC3E70 /* gpslogger_swiftuiUITestsLaunchTests.swift */; };
		F996E4FB2AE5041F00EC3E70 /* LoggingView.swift in Sources */ = {isa = PBXBuildFile; fileRef = F996E4FA2AE5041F00EC3E70 /* LoggingView.swift */; };
		F9DC6F682AECEA25007A94F2 /* LocationModel.swift in Sources */ = {isa = PBXBuildFile; fileRef = F9DC6F672AECEA25007A94F2 /* LocationModel.swift */; };
		F9DC6F6B2AEE3B77007A94F2 /* LoggingModalView.swift in Sources */ = {isa = PBXBuildFile; fileRef = F9DC6F6A2AEE3B77007A94F2 /* LoggingModalView.swift */; };
		F9DC6F6D2AEEA409007A94F2 /* LoggingButtonView.swift in Sources */ = {isa = PBXBuildFile; fileRef = F9DC6F6C2AEEA409007A94F2 /* LoggingButtonView.swift */; };
		F9DC6F6F2AEEAD78007A94F2 /* InfomationPanelView.swift in Sources */ = {isa = PBXBuildFile; fileRef = F9DC6F6E2AEEAD78007A94F2 /* InfomationPanelView.swift */; };
/* End PBXBuildFile section */

/* Begin PBXContainerItemProxy section */
		F996E4DA2AE4D82700EC3E70 /* PBXContainerItemProxy */ = {
			isa = PBXContainerItemProxy;
			containerPortal = F996E4BE2AE4D82600EC3E70 /* Project object */;
			proxyType = 1;
			remoteGlobalIDString = F996E4C52AE4D82600EC3E70;
			remoteInfo = "gpslogger-swiftui";
		};
		F996E4E42AE4D82800EC3E70 /* PBXContainerItemProxy */ = {
			isa = PBXContainerItemProxy;
			containerPortal = F996E4BE2AE4D82600EC3E70 /* Project object */;
			proxyType = 1;
			remoteGlobalIDString = F996E4C52AE4D82600EC3E70;
			remoteInfo = "gpslogger-swiftui";
		};
/* End PBXContainerItemProxy section */

/* Begin PBXFileReference section */
		F996E4C62AE4D82600EC3E70 /* gpslogger-swiftui.app */ = {isa = PBXFileReference; explicitFileType = wrapper.application; includeInIndex = 0; path = "gpslogger-swiftui.app"; sourceTree = BUILT_PRODUCTS_DIR; };
		F996E4C92AE4D82600EC3E70 /* LoggerApp.swift */ = {isa = PBXFileReference; lastKnownFileType = sourcecode.swift; path = LoggerApp.swift; sourceTree = "<group>"; };
		F996E4CB2AE4D82600EC3E70 /* MainView.swift */ = {isa = PBXFileReference; lastKnownFileType = sourcecode.swift; path = MainView.swift; sourceTree = "<group>"; };
		F996E4CD2AE4D82600EC3E70 /* LocationItem.swift */ = {isa = PBXFileReference; lastKnownFileType = sourcecode.swift; path = LocationItem.swift; sourceTree = "<group>"; };
		F996E4CF2AE4D82700EC3E70 /* Assets.xcassets */ = {isa = PBXFileReference; lastKnownFileType = folder.assetcatalog; path = Assets.xcassets; sourceTree = "<group>"; };
		F996E4D12AE4D82700EC3E70 /* gpslogger_swiftui.entitlements */ = {isa = PBXFileReference; lastKnownFileType = text.plist.entitlements; path = gpslogger_swiftui.entitlements; sourceTree = "<group>"; };
		F996E4D32AE4D82700EC3E70 /* Preview Assets.xcassets */ = {isa = PBXFileReference; lastKnownFileType = folder.assetcatalog; path = "Preview Assets.xcassets"; sourceTree = "<group>"; };
		F996E4D92AE4D82700EC3E70 /* gpslogger-swiftuiTests.xctest */ = {isa = PBXFileReference; explicitFileType = wrapper.cfbundle; includeInIndex = 0; path = "gpslogger-swiftuiTests.xctest"; sourceTree = BUILT_PRODUCTS_DIR; };
		F996E4DD2AE4D82700EC3E70 /* gpslogger_swiftuiTests.swift */ = {isa = PBXFileReference; lastKnownFileType = sourcecode.swift; path = gpslogger_swiftuiTests.swift; sourceTree = "<group>"; };
		F996E4E32AE4D82800EC3E70 /* gpslogger-swiftuiUITests.xctest */ = {isa = PBXFileReference; explicitFileType = wrapper.cfbundle; includeInIndex = 0; path = "gpslogger-swiftuiUITests.xctest"; sourceTree = BUILT_PRODUCTS_DIR; };
		F996E4E72AE4D82800EC3E70 /* gpslogger_swiftuiUITests.swift */ = {isa = PBXFileReference; lastKnownFileType = sourcecode.swift; path = gpslogger_swiftuiUITests.swift; sourceTree = "<group>"; };
		F996E4E92AE4D82800EC3E70 /* gpslogger_swiftuiUITestsLaunchTests.swift */ = {isa = PBXFileReference; lastKnownFileType = sourcecode.swift; path = gpslogger_swiftuiUITestsLaunchTests.swift; sourceTree = "<group>"; };
		F996E4FA2AE5041F00EC3E70 /* LoggingView.swift */ = {isa = PBXFileReference; lastKnownFileType = sourcecode.swift; path = LoggingView.swift; sourceTree = "<group>"; };
		F9DC6F672AECEA25007A94F2 /* LocationModel.swift */ = {isa = PBXFileReference; lastKnownFileType = sourcecode.swift; path = LocationModel.swift; sourceTree = "<group>"; };
		F9DC6F692AEE05D8007A94F2 /* Info.plist */ = {isa = PBXFileReference; lastKnownFileType = text.plist; path = Info.plist; sourceTree = "<group>"; };
		F9DC6F6A2AEE3B77007A94F2 /* LoggingModalView.swift */ = {isa = PBXFileReference; lastKnownFileType = sourcecode.swift; path = LoggingModalView.swift; sourceTree = "<group>"; };
		F9DC6F6C2AEEA409007A94F2 /* LoggingButtonView.swift */ = {isa = PBXFileReference; lastKnownFileType = sourcecode.swift; path = LoggingButtonView.swift; sourceTree = "<group>"; };
		F9DC6F6E2AEEAD78007A94F2 /* InfomationPanelView.swift */ = {isa = PBXFileReference; lastKnownFileType = sourcecode.swift; path = InfomationPanelView.swift; sourceTree = "<group>"; };
/* End PBXFileReference section */

/* Begin PBXFrameworksBuildPhase section */
		F996E4C32AE4D82600EC3E70 /* Frameworks */ = {
			isa = PBXFrameworksBuildPhase;
			buildActionMask = 2147483647;
			files = (
			);
			runOnlyForDeploymentPostprocessing = 0;
		};
		F996E4D62AE4D82700EC3E70 /* Frameworks */ = {
			isa = PBXFrameworksBuildPhase;
			buildActionMask = 2147483647;
			files = (
			);
			runOnlyForDeploymentPostprocessing = 0;
		};
		F996E4E02AE4D82800EC3E70 /* Frameworks */ = {
			isa = PBXFrameworksBuildPhase;
			buildActionMask = 2147483647;
			files = (
			);
			runOnlyForDeploymentPostprocessing = 0;
		};
/* End PBXFrameworksBuildPhase section */

/* Begin PBXGroup section */
		F996E4BD2AE4D82600EC3E70 = {
			isa = PBXGroup;
			children = (
				F996E4C82AE4D82600EC3E70 /* gpslogger-swiftui */,
				F996E4DC2AE4D82700EC3E70 /* gpslogger-swiftuiTests */,
				F996E4E62AE4D82800EC3E70 /* gpslogger-swiftuiUITests */,
				F996E4C72AE4D82600EC3E70 /* Products */,
			);
			sourceTree = "<group>";
		};
		F996E4C72AE4D82600EC3E70 /* Products */ = {
			isa = PBXGroup;
			children = (
				F996E4C62AE4D82600EC3E70 /* gpslogger-swiftui.app */,
				F996E4D92AE4D82700EC3E70 /* gpslogger-swiftuiTests.xctest */,
				F996E4E32AE4D82800EC3E70 /* gpslogger-swiftuiUITests.xctest */,
			);
			name = Products;
			sourceTree = "<group>";
		};
		F996E4C82AE4D82600EC3E70 /* gpslogger-swiftui */ = {
			isa = PBXGroup;
			children = (
				F9DC6F692AEE05D8007A94F2 /* Info.plist */,
				F996E4C92AE4D82600EC3E70 /* LoggerApp.swift */,
				F996E4F62AE5006900EC3E70 /* Model */,
				F996E4F72AE5007800EC3E70 /* View */,
				F996E4CF2AE4D82700EC3E70 /* Assets.xcassets */,
				F996E4D12AE4D82700EC3E70 /* gpslogger_swiftui.entitlements */,
				F996E4D22AE4D82700EC3E70 /* Preview Content */,
			);
			path = "gpslogger-swiftui";
			sourceTree = "<group>";
		};
		F996E4D22AE4D82700EC3E70 /* Preview Content */ = {
			isa = PBXGroup;
			children = (
				F996E4D32AE4D82700EC3E70 /* Preview Assets.xcassets */,
			);
			path = "Preview Content";
			sourceTree = "<group>";
		};
		F996E4DC2AE4D82700EC3E70 /* gpslogger-swiftuiTests */ = {
			isa = PBXGroup;
			children = (
				F996E4DD2AE4D82700EC3E70 /* gpslogger_swiftuiTests.swift */,
			);
			path = "gpslogger-swiftuiTests";
			sourceTree = "<group>";
		};
		F996E4E62AE4D82800EC3E70 /* gpslogger-swiftuiUITests */ = {
			isa = PBXGroup;
			children = (
				F996E4E72AE4D82800EC3E70 /* gpslogger_swiftuiUITests.swift */,
				F996E4E92AE4D82800EC3E70 /* gpslogger_swiftuiUITestsLaunchTests.swift */,
			);
			path = "gpslogger-swiftuiUITests";
			sourceTree = "<group>";
		};
		F996E4F62AE5006900EC3E70 /* Model */ = {
			isa = PBXGroup;
			children = (
				F9DC6F662AECEA12007A94F2 /* LocationModel */,
				F996E4F82AE5009200EC3E70 /* SwiftDataModel */,
			);
			path = Model;
			sourceTree = "<group>";
		};
		F996E4F72AE5007800EC3E70 /* View */ = {
			isa = PBXGroup;
			children = (
				F996E4F92AE5040900EC3E70 /* LoggingView */,
				F996E4CB2AE4D82600EC3E70 /* MainView.swift */,
			);
			path = View;
			sourceTree = "<group>";
		};
		F996E4F82AE5009200EC3E70 /* SwiftDataModel */ = {
			isa = PBXGroup;
			children = (
				F996E4CD2AE4D82600EC3E70 /* LocationItem.swift */,
			);
			path = SwiftDataModel;
			sourceTree = "<group>";
		};
		F996E4F92AE5040900EC3E70 /* LoggingView */ = {
			isa = PBXGroup;
			children = (
				F996E4FA2AE5041F00EC3E70 /* LoggingView.swift */,
				F9DC6F6A2AEE3B77007A94F2 /* LoggingModalView.swift */,
				F9DC6F6C2AEEA409007A94F2 /* LoggingButtonView.swift */,
				F9DC6F6E2AEEAD78007A94F2 /* InfomationPanelView.swift */,
			);
			path = LoggingView;
			sourceTree = "<group>";
		};
		F9DC6F662AECEA12007A94F2 /* LocationModel */ = {
			isa = PBXGroup;
			children = (
				F9DC6F672AECEA25007A94F2 /* LocationModel.swift */,
			);
			path = LocationModel;
			sourceTree = "<group>";
		};
/* End PBXGroup section */

/* Begin PBXNativeTarget section */
		F996E4C52AE4D82600EC3E70 /* gpslogger-swiftui */ = {
			isa = PBXNativeTarget;
			buildConfigurationList = F996E4ED2AE4D82800EC3E70 /* Build configuration list for PBXNativeTarget "gpslogger-swiftui" */;
			buildPhases = (
				F996E4C22AE4D82600EC3E70 /* Sources */,
				F996E4C32AE4D82600EC3E70 /* Frameworks */,
				F996E4C42AE4D82600EC3E70 /* Resources */,
			);
			buildRules = (
			);
			dependencies = (
			);
			name = "gpslogger-swiftui";
			productName = "gpslogger-swiftui";
			productReference = F996E4C62AE4D82600EC3E70 /* gpslogger-swiftui.app */;
			productType = "com.apple.product-type.application";
		};
		F996E4D82AE4D82700EC3E70 /* gpslogger-swiftuiTests */ = {
			isa = PBXNativeTarget;
			buildConfigurationList = F996E4F02AE4D82800EC3E70 /* Build configuration list for PBXNativeTarget "gpslogger-swiftuiTests" */;
			buildPhases = (
				F996E4D52AE4D82700EC3E70 /* Sources */,
				F996E4D62AE4D82700EC3E70 /* Frameworks */,
				F996E4D72AE4D82700EC3E70 /* Resources */,
			);
			buildRules = (
			);
			dependencies = (
				F996E4DB2AE4D82700EC3E70 /* PBXTargetDependency */,
			);
			name = "gpslogger-swiftuiTests";
			productName = "gpslogger-swiftuiTests";
			productReference = F996E4D92AE4D82700EC3E70 /* gpslogger-swiftuiTests.xctest */;
			productType = "com.apple.product-type.bundle.unit-test";
		};
		F996E4E22AE4D82800EC3E70 /* gpslogger-swiftuiUITests */ = {
			isa = PBXNativeTarget;
			buildConfigurationList = F996E4F32AE4D82800EC3E70 /* Build configuration list for PBXNativeTarget "gpslogger-swiftuiUITests" */;
			buildPhases = (
				F996E4DF2AE4D82800EC3E70 /* Sources */,
				F996E4E02AE4D82800EC3E70 /* Frameworks */,
				F996E4E12AE4D82800EC3E70 /* Resources */,
			);
			buildRules = (
			);
			dependencies = (
				F996E4E52AE4D82800EC3E70 /* PBXTargetDependency */,
			);
			name = "gpslogger-swiftuiUITests";
			productName = "gpslogger-swiftuiUITests";
			productReference = F996E4E32AE4D82800EC3E70 /* gpslogger-swiftuiUITests.xctest */;
			productType = "com.apple.product-type.bundle.ui-testing";
		};
/* End PBXNativeTarget section */

/* Begin PBXProject section */
		F996E4BE2AE4D82600EC3E70 /* Project object */ = {
			isa = PBXProject;
			attributes = {
				BuildIndependentTargetsInParallel = 1;
				LastSwiftUpdateCheck = 1500;
				LastUpgradeCheck = 1500;
				TargetAttributes = {
					F996E4C52AE4D82600EC3E70 = {
						CreatedOnToolsVersion = 15.0;
					};
					F996E4D82AE4D82700EC3E70 = {
						CreatedOnToolsVersion = 15.0;
						TestTargetID = F996E4C52AE4D82600EC3E70;
					};
					F996E4E22AE4D82800EC3E70 = {
						CreatedOnToolsVersion = 15.0;
						TestTargetID = F996E4C52AE4D82600EC3E70;
					};
				};
			};
			buildConfigurationList = F996E4C12AE4D82600EC3E70 /* Build configuration list for PBXProject "gpslogger-swiftui" */;
			compatibilityVersion = "Xcode 14.0";
			developmentRegion = en;
			hasScannedForEncodings = 0;
			knownRegions = (
				en,
				Base,
			);
			mainGroup = F996E4BD2AE4D82600EC3E70;
			productRefGroup = F996E4C72AE4D82600EC3E70 /* Products */;
			projectDirPath = "";
			projectRoot = "";
			targets = (
				F996E4C52AE4D82600EC3E70 /* gpslogger-swiftui */,
				F996E4D82AE4D82700EC3E70 /* gpslogger-swiftuiTests */,
				F996E4E22AE4D82800EC3E70 /* gpslogger-swiftuiUITests */,
			);
		};
/* End PBXProject section */

/* Begin PBXResourcesBuildPhase section */
		F996E4C42AE4D82600EC3E70 /* Resources */ = {
			isa = PBXResourcesBuildPhase;
			buildActionMask = 2147483647;
			files = (
				F996E4D42AE4D82700EC3E70 /* Preview Assets.xcassets in Resources */,
				F996E4D02AE4D82700EC3E70 /* Assets.xcassets in Resources */,
			);
			runOnlyForDeploymentPostprocessing = 0;
		};
		F996E4D72AE4D82700EC3E70 /* Resources */ = {
			isa = PBXResourcesBuildPhase;
			buildActionMask = 2147483647;
			files = (
			);
			runOnlyForDeploymentPostprocessing = 0;
		};
		F996E4E12AE4D82800EC3E70 /* Resources */ = {
			isa = PBXResourcesBuildPhase;
			buildActionMask = 2147483647;
			files = (
			);
			runOnlyForDeploymentPostprocessing = 0;
		};
/* End PBXResourcesBuildPhase section */

/* Begin PBXSourcesBuildPhase section */
		F996E4C22AE4D82600EC3E70 /* Sources */ = {
			isa = PBXSourcesBuildPhase;
			buildActionMask = 2147483647;
			files = (
				F9DC6F6D2AEEA409007A94F2 /* LoggingButtonView.swift in Sources */,
				F996E4CC2AE4D82600EC3E70 /* MainView.swift in Sources */,
				F996E4CE2AE4D82600EC3E70 /* LocationItem.swift in Sources */,
				F9DC6F6F2AEEAD78007A94F2 /* InfomationPanelView.swift in Sources */,
				F996E4FB2AE5041F00EC3E70 /* LoggingView.swift in Sources */,
				F9DC6F682AECEA25007A94F2 /* LocationModel.swift in Sources */,
				F9DC6F6B2AEE3B77007A94F2 /* LoggingModalView.swift in Sources */,
				F996E4CA2AE4D82600EC3E70 /* LoggerApp.swift in Sources */,
			);
			runOnlyForDeploymentPostprocessing = 0;
		};
		F996E4D52AE4D82700EC3E70 /* Sources */ = {
			isa = PBXSourcesBuildPhase;
			buildActionMask = 2147483647;
			files = (
				F996E4DE2AE4D82700EC3E70 /* gpslogger_swiftuiTests.swift in Sources */,
			);
			runOnlyForDeploymentPostprocessing = 0;
		};
		F996E4DF2AE4D82800EC3E70 /* Sources */ = {
			isa = PBXSourcesBuildPhase;
			buildActionMask = 2147483647;
			files = (
				F996E4E82AE4D82800EC3E70 /* gpslogger_swiftuiUITests.swift in Sources */,
				F996E4EA2AE4D82800EC3E70 /* gpslogger_swiftuiUITestsLaunchTests.swift in Sources */,
			);
			runOnlyForDeploymentPostprocessing = 0;
		};
/* End PBXSourcesBuildPhase section */

/* Begin PBXTargetDependency section */
		F996E4DB2AE4D82700EC3E70 /* PBXTargetDependency */ = {
			isa = PBXTargetDependency;
			target = F996E4C52AE4D82600EC3E70 /* gpslogger-swiftui */;
			targetProxy = F996E4DA2AE4D82700EC3E70 /* PBXContainerItemProxy */;
		};
		F996E4E52AE4D82800EC3E70 /* PBXTargetDependency */ = {
			isa = PBXTargetDependency;
			target = F996E4C52AE4D82600EC3E70 /* gpslogger-swiftui */;
			targetProxy = F996E4E42AE4D82800EC3E70 /* PBXContainerItemProxy */;
		};
/* End PBXTargetDependency section */

/* Begin XCBuildConfiguration section */
		F996E4EB2AE4D82800EC3E70 /* Debug */ = {
			isa = XCBuildConfiguration;
			buildSettings = {
				ALWAYS_SEARCH_USER_PATHS = NO;
				ASSETCATALOG_COMPILER_GENERATE_SWIFT_ASSET_SYMBOL_EXTENSIONS = YES;
				CLANG_ANALYZER_NONNULL = YES;
				CLANG_ANALYZER_NUMBER_OBJECT_CONVERSION = YES_AGGRESSIVE;
				CLANG_CXX_LANGUAGE_STANDARD = "gnu++20";
				CLANG_ENABLE_MODULES = YES;
				CLANG_ENABLE_OBJC_ARC = YES;
				CLANG_ENABLE_OBJC_WEAK = YES;
				CLANG_WARN_BLOCK_CAPTURE_AUTORELEASING = YES;
				CLANG_WARN_BOOL_CONVERSION = YES;
				CLANG_WARN_COMMA = YES;
				CLANG_WARN_CONSTANT_CONVERSION = YES;
				CLANG_WARN_DEPRECATED_OBJC_IMPLEMENTATIONS = YES;
				CLANG_WARN_DIRECT_OBJC_ISA_USAGE = YES_ERROR;
				CLANG_WARN_DOCUMENTATION_COMMENTS = YES;
				CLANG_WARN_EMPTY_BODY = YES;
				CLANG_WARN_ENUM_CONVERSION = YES;
				CLANG_WARN_INFINITE_RECURSION = YES;
				CLANG_WARN_INT_CONVERSION = YES;
				CLANG_WARN_NON_LITERAL_NULL_CONVERSION = YES;
				CLANG_WARN_OBJC_IMPLICIT_RETAIN_SELF = YES;
				CLANG_WARN_OBJC_LITERAL_CONVERSION = YES;
				CLANG_WARN_OBJC_ROOT_CLASS = YES_ERROR;
				CLANG_WARN_QUOTED_INCLUDE_IN_FRAMEWORK_HEADER = YES;
				CLANG_WARN_RANGE_LOOP_ANALYSIS = YES;
				CLANG_WARN_STRICT_PROTOTYPES = YES;
				CLANG_WARN_SUSPICIOUS_MOVE = YES;
				CLANG_WARN_UNGUARDED_AVAILABILITY = YES_AGGRESSIVE;
				CLANG_WARN_UNREACHABLE_CODE = YES;
				CLANG_WARN__DUPLICATE_METHOD_MATCH = YES;
				COPY_PHASE_STRIP = NO;
				DEBUG_INFORMATION_FORMAT = dwarf;
				ENABLE_STRICT_OBJC_MSGSEND = YES;
				ENABLE_TESTABILITY = YES;
				ENABLE_USER_SCRIPT_SANDBOXING = YES;
				GCC_C_LANGUAGE_STANDARD = gnu17;
				GCC_DYNAMIC_NO_PIC = NO;
				GCC_NO_COMMON_BLOCKS = YES;
				GCC_OPTIMIZATION_LEVEL = 0;
				GCC_PREPROCESSOR_DEFINITIONS = (
					"DEBUG=1",
					"$(inherited)",
				);
				GCC_WARN_64_TO_32_BIT_CONVERSION = YES;
				GCC_WARN_ABOUT_RETURN_TYPE = YES_ERROR;
				GCC_WARN_UNDECLARED_SELECTOR = YES;
				GCC_WARN_UNINITIALIZED_AUTOS = YES_AGGRESSIVE;
				GCC_WARN_UNUSED_FUNCTION = YES;
				GCC_WARN_UNUSED_VARIABLE = YES;
				LOCALIZATION_PREFERS_STRING_CATALOGS = YES;
				MTL_ENABLE_DEBUG_INFO = INCLUDE_SOURCE;
				MTL_FAST_MATH = YES;
				ONLY_ACTIVE_ARCH = YES;
				SWIFT_ACTIVE_COMPILATION_CONDITIONS = "DEBUG $(inherited)";
				SWIFT_OPTIMIZATION_LEVEL = "-Onone";
			};
			name = Debug;
		};
		F996E4EC2AE4D82800EC3E70 /* Release */ = {
			isa = XCBuildConfiguration;
			buildSettings = {
				ALWAYS_SEARCH_USER_PATHS = NO;
				ASSETCATALOG_COMPILER_GENERATE_SWIFT_ASSET_SYMBOL_EXTENSIONS = YES;
				CLANG_ANALYZER_NONNULL = YES;
				CLANG_ANALYZER_NUMBER_OBJECT_CONVERSION = YES_AGGRESSIVE;
				CLANG_CXX_LANGUAGE_STANDARD = "gnu++20";
				CLANG_ENABLE_MODULES = YES;
				CLANG_ENABLE_OBJC_ARC = YES;
				CLANG_ENABLE_OBJC_WEAK = YES;
				CLANG_WARN_BLOCK_CAPTURE_AUTORELEASING = YES;
				CLANG_WARN_BOOL_CONVERSION = YES;
				CLANG_WARN_COMMA = YES;
				CLANG_WARN_CONSTANT_CONVERSION = YES;
				CLANG_WARN_DEPRECATED_OBJC_IMPLEMENTATIONS = YES;
				CLANG_WARN_DIRECT_OBJC_ISA_USAGE = YES_ERROR;
				CLANG_WARN_DOCUMENTATION_COMMENTS = YES;
				CLANG_WARN_EMPTY_BODY = YES;
				CLANG_WARN_ENUM_CONVERSION = YES;
				CLANG_WARN_INFINITE_RECURSION = YES;
				CLANG_WARN_INT_CONVERSION = YES;
				CLANG_WARN_NON_LITERAL_NULL_CONVERSION = YES;
				CLANG_WARN_OBJC_IMPLICIT_RETAIN_SELF = YES;
				CLANG_WARN_OBJC_LITERAL_CONVERSION = YES;
				CLANG_WARN_OBJC_ROOT_CLASS = YES_ERROR;
				CLANG_WARN_QUOTED_INCLUDE_IN_FRAMEWORK_HEADER = YES;
				CLANG_WARN_RANGE_LOOP_ANALYSIS = YES;
				CLANG_WARN_STRICT_PROTOTYPES = YES;
				CLANG_WARN_SUSPICIOUS_MOVE = YES;
				CLANG_WARN_UNGUARDED_AVAILABILITY = YES_AGGRESSIVE;
				CLANG_WARN_UNREACHABLE_CODE = YES;
				CLANG_WARN__DUPLICATE_METHOD_MATCH = YES;
				COPY_PHASE_STRIP = NO;
				DEBUG_INFORMATION_FORMAT = "dwarf-with-dsym";
				ENABLE_NS_ASSERTIONS = NO;
				ENABLE_STRICT_OBJC_MSGSEND = YES;
				ENABLE_USER_SCRIPT_SANDBOXING = YES;
				GCC_C_LANGUAGE_STANDARD = gnu17;
				GCC_NO_COMMON_BLOCKS = YES;
				GCC_WARN_64_TO_32_BIT_CONVERSION = YES;
				GCC_WARN_ABOUT_RETURN_TYPE = YES_ERROR;
				GCC_WARN_UNDECLARED_SELECTOR = YES;
				GCC_WARN_UNINITIALIZED_AUTOS = YES_AGGRESSIVE;
				GCC_WARN_UNUSED_FUNCTION = YES;
				GCC_WARN_UNUSED_VARIABLE = YES;
				LOCALIZATION_PREFERS_STRING_CATALOGS = YES;
				MTL_ENABLE_DEBUG_INFO = NO;
				MTL_FAST_MATH = YES;
				SWIFT_COMPILATION_MODE = wholemodule;
			};
			name = Release;
		};
		F996E4EE2AE4D82800EC3E70 /* Debug */ = {
			isa = XCBuildConfiguration;
			buildSettings = {
				ASSETCATALOG_COMPILER_APPICON_NAME = AppIcon;
				ASSETCATALOG_COMPILER_GLOBAL_ACCENT_COLOR_NAME = AccentColor;
				CODE_SIGN_ENTITLEMENTS = "gpslogger-swiftui/gpslogger_swiftui.entitlements";
				CODE_SIGN_STYLE = Automatic;
				CURRENT_PROJECT_VERSION = 1;
				DEVELOPMENT_ASSET_PATHS = "\"gpslogger-swiftui/Preview Content\"";
				DEVELOPMENT_TEAM = UAEL4H37J9;
				ENABLE_PREVIEWS = YES;
				GENERATE_INFOPLIST_FILE = YES;
				INFOPLIST_FILE = "gpslogger-swiftui/Info.plist";
				INFOPLIST_KEY_NSLocationAlwaysAndWhenInUseUsageDescription = "常に位置情報を利用します";
				INFOPLIST_KEY_NSLocationWhenInUseUsageDescription = "アプリ利用中に位置情報を利用します";
				"INFOPLIST_KEY_UIApplicationSceneManifest_Generation[sdk=iphoneos*]" = YES;
				"INFOPLIST_KEY_UIApplicationSceneManifest_Generation[sdk=iphonesimulator*]" = YES;
				"INFOPLIST_KEY_UIApplicationSupportsIndirectInputEvents[sdk=iphoneos*]" = YES;
				"INFOPLIST_KEY_UIApplicationSupportsIndirectInputEvents[sdk=iphonesimulator*]" = YES;
				"INFOPLIST_KEY_UILaunchScreen_Generation[sdk=iphoneos*]" = YES;
				"INFOPLIST_KEY_UILaunchScreen_Generation[sdk=iphonesimulator*]" = YES;
				"INFOPLIST_KEY_UIStatusBarStyle[sdk=iphoneos*]" = UIStatusBarStyleDefault;
				"INFOPLIST_KEY_UIStatusBarStyle[sdk=iphonesimulator*]" = UIStatusBarStyleDefault;
				INFOPLIST_KEY_UISupportedInterfaceOrientations_iPad = "UIInterfaceOrientationPortrait UIInterfaceOrientationPortraitUpsideDown UIInterfaceOrientationLandscapeLeft UIInterfaceOrientationLandscapeRight";
				INFOPLIST_KEY_UISupportedInterfaceOrientations_iPhone = "UIInterfaceOrientationPortrait UIInterfaceOrientationLandscapeLeft UIInterfaceOrientationLandscapeRight";
				IPHONEOS_DEPLOYMENT_TARGET = 17.0;
				LD_RUNPATH_SEARCH_PATHS = "@executable_path/Frameworks";
				"LD_RUNPATH_SEARCH_PATHS[sdk=macosx*]" = "@executable_path/../Frameworks";
				MACOSX_DEPLOYMENT_TARGET = 14.0;
				MARKETING_VERSION = 1.0;
				PRODUCT_BUNDLE_IDENTIFIER = "nagoya.kyoto.gpslogger-swiftui";
				PRODUCT_NAME = "$(TARGET_NAME)";
				SDKROOT = auto;
				SUPPORTED_PLATFORMS = "iphoneos iphonesimulator";
				SUPPORTS_MACCATALYST = NO;
				SWIFT_EMIT_LOC_STRINGS = YES;
				SWIFT_VERSION = 5.0;
				TARGETED_DEVICE_FAMILY = "1,2";
			};
			name = Debug;
		};
		F996E4EF2AE4D82800EC3E70 /* Release */ = {
			isa = XCBuildConfiguration;
			buildSettings = {
				ASSETCATALOG_COMPILER_APPICON_NAME = AppIcon;
				ASSETCATALOG_COMPILER_GLOBAL_ACCENT_COLOR_NAME = AccentColor;
				CODE_SIGN_ENTITLEMENTS = "gpslogger-swiftui/gpslogger_swiftui.entitlements";
				CODE_SIGN_STYLE = Automatic;
				CURRENT_PROJECT_VERSION = 1;
				DEVELOPMENT_ASSET_PATHS = "\"gpslogger-swiftui/Preview Content\"";
				DEVELOPMENT_TEAM = UAEL4H37J9;
				ENABLE_PREVIEWS = YES;
				GENERATE_INFOPLIST_FILE = YES;
				INFOPLIST_FILE = "gpslogger-swiftui/Info.plist";
				INFOPLIST_KEY_NSLocationAlwaysAndWhenInUseUsageDescription = "常に位置情報を利用します";
				INFOPLIST_KEY_NSLocationWhenInUseUsageDescription = "アプリ利用中に位置情報を利用します";
				"INFOPLIST_KEY_UIApplicationSceneManifest_Generation[sdk=iphoneos*]" = YES;
				"INFOPLIST_KEY_UIApplicationSceneManifest_Generation[sdk=iphonesimulator*]" = YES;
				"INFOPLIST_KEY_UIApplicationSupportsIndirectInputEvents[sdk=iphoneos*]" = YES;
				"INFOPLIST_KEY_UIApplicationSupportsIndirectInputEvents[sdk=iphonesimulator*]" = YES;
				"INFOPLIST_KEY_UILaunchScreen_Generation[sdk=iphoneos*]" = YES;
				"INFOPLIST_KEY_UILaunchScreen_Generation[sdk=iphonesimulator*]" = YES;
				"INFOPLIST_KEY_UIStatusBarStyle[sdk=iphoneos*]" = UIStatusBarStyleDefault;
				"INFOPLIST_KEY_UIStatusBarStyle[sdk=iphonesimulator*]" = UIStatusBarStyleDefault;
				INFOPLIST_KEY_UISupportedInterfaceOrientations_iPad = "UIInterfaceOrientationPortrait UIInterfaceOrientationPortraitUpsideDown UIInterfaceOrientationLandscapeLeft UIInterfaceOrientationLandscapeRight";
				INFOPLIST_KEY_UISupportedInterfaceOrientations_iPhone = "UIInterfaceOrientationPortrait UIInterfaceOrientationLandscapeLeft UIInterfaceOrientationLandscapeRight";
				IPHONEOS_DEPLOYMENT_TARGET = 17.0;
				LD_RUNPATH_SEARCH_PATHS = "@executable_path/Frameworks";
				"LD_RUNPATH_SEARCH_PATHS[sdk=macosx*]" = "@executable_path/../Frameworks";
				MACOSX_DEPLOYMENT_TARGET = 14.0;
				MARKETING_VERSION = 1.0;
				PRODUCT_BUNDLE_IDENTIFIER = "nagoya.kyoto.gpslogger-swiftui";
				PRODUCT_NAME = "$(TARGET_NAME)";
				SDKROOT = auto;
				SUPPORTED_PLATFORMS = "iphoneos iphonesimulator";
				SUPPORTS_MACCATALYST = NO;
				SWIFT_EMIT_LOC_STRINGS = YES;
				SWIFT_VERSION = 5.0;
				TARGETED_DEVICE_FAMILY = "1,2";
			};
			name = Release;
		};
		F996E4F12AE4D82800EC3E70 /* Debug */ = {
			isa = XCBuildConfiguration;
			buildSettings = {
				ALWAYS_EMBED_SWIFT_STANDARD_LIBRARIES = YES;
				BUNDLE_LOADER = "$(TEST_HOST)";
				CODE_SIGN_STYLE = Automatic;
				CURRENT_PROJECT_VERSION = 1;
				GENERATE_INFOPLIST_FILE = YES;
				IPHONEOS_DEPLOYMENT_TARGET = 17.0;
				MACOSX_DEPLOYMENT_TARGET = 13.6;
				MARKETING_VERSION = 1.0;
				PRODUCT_BUNDLE_IDENTIFIER = "nagoya.kyoto.gpslogger-swiftuiTests";
				PRODUCT_NAME = "$(TARGET_NAME)";
				SDKROOT = auto;
				SUPPORTED_PLATFORMS = "iphoneos iphonesimulator macosx";
				SWIFT_EMIT_LOC_STRINGS = NO;
				SWIFT_VERSION = 5.0;
				TARGETED_DEVICE_FAMILY = "1,2";
				TEST_HOST = "$(BUILT_PRODUCTS_DIR)/gpslogger-swiftui.app/$(BUNDLE_EXECUTABLE_FOLDER_PATH)/gpslogger-swiftui";
			};
			name = Debug;
		};
		F996E4F22AE4D82800EC3E70 /* Release */ = {
			isa = XCBuildConfiguration;
			buildSettings = {
				ALWAYS_EMBED_SWIFT_STANDARD_LIBRARIES = YES;
				BUNDLE_LOADER = "$(TEST_HOST)";
				CODE_SIGN_STYLE = Automatic;
				CURRENT_PROJECT_VERSION = 1;
				GENERATE_INFOPLIST_FILE = YES;
				IPHONEOS_DEPLOYMENT_TARGET = 17.0;
				MACOSX_DEPLOYMENT_TARGET = 13.6;
				MARKETING_VERSION = 1.0;
				PRODUCT_BUNDLE_IDENTIFIER = "nagoya.kyoto.gpslogger-swiftuiTests";
				PRODUCT_NAME = "$(TARGET_NAME)";
				SDKROOT = auto;
				SUPPORTED_PLATFORMS = "iphoneos iphonesimulator macosx";
				SWIFT_EMIT_LOC_STRINGS = NO;
				SWIFT_VERSION = 5.0;
				TARGETED_DEVICE_FAMILY = "1,2";
				TEST_HOST = "$(BUILT_PRODUCTS_DIR)/gpslogger-swiftui.app/$(BUNDLE_EXECUTABLE_FOLDER_PATH)/gpslogger-swiftui";
			};
			name = Release;
		};
		F996E4F42AE4D82800EC3E70 /* Debug */ = {
			isa = XCBuildConfiguration;
			buildSettings = {
				ALWAYS_EMBED_SWIFT_STANDARD_LIBRARIES = YES;
				CODE_SIGN_STYLE = Automatic;
				CURRENT_PROJECT_VERSION = 1;
				GENERATE_INFOPLIST_FILE = YES;
				IPHONEOS_DEPLOYMENT_TARGET = 17.0;
				MACOSX_DEPLOYMENT_TARGET = 13.6;
				MARKETING_VERSION = 1.0;
				PRODUCT_BUNDLE_IDENTIFIER = "nagoya.kyoto.gpslogger-swiftuiUITests";
				PRODUCT_NAME = "$(TARGET_NAME)";
				SDKROOT = auto;
				SUPPORTED_PLATFORMS = "iphoneos iphonesimulator macosx";
				SWIFT_EMIT_LOC_STRINGS = NO;
				SWIFT_VERSION = 5.0;
				TARGETED_DEVICE_FAMILY = "1,2";
				TEST_TARGET_NAME = "gpslogger-swiftui";
			};
			name = Debug;
		};
		F996E4F52AE4D82800EC3E70 /* Release */ = {
			isa = XCBuildConfiguration;
			buildSettings = {
				ALWAYS_EMBED_SWIFT_STANDARD_LIBRARIES = YES;
				CODE_SIGN_STYLE = Automatic;
				CURRENT_PROJECT_VERSION = 1;
				GENERATE_INFOPLIST_FILE = YES;
				IPHONEOS_DEPLOYMENT_TARGET = 17.0;
				MACOSX_DEPLOYMENT_TARGET = 13.6;
				MARKETING_VERSION = 1.0;
				PRODUCT_BUNDLE_IDENTIFIER = "nagoya.kyoto.gpslogger-swiftuiUITests";
				PRODUCT_NAME = "$(TARGET_NAME)";
				SDKROOT = auto;
				SUPPORTED_PLATFORMS = "iphoneos iphonesimulator macosx";
				SWIFT_EMIT_LOC_STRINGS = NO;
				SWIFT_VERSION = 5.0;
				TARGETED_DEVICE_FAMILY = "1,2";
				TEST_TARGET_NAME = "gpslogger-swiftui";
			};
			name = Release;
		};
/* End XCBuildConfiguration section */

/* Begin XCConfigurationList section */
		F996E4C12AE4D82600EC3E70 /* Build configuration list for PBXProject "gpslogger-swiftui" */ = {
			isa = XCConfigurationList;
			buildConfigurations = (
				F996E4EB2AE4D82800EC3E70 /* Debug */,
				F996E4EC2AE4D82800EC3E70 /* Release */,
			);
			defaultConfigurationIsVisible = 0;
			defaultConfigurationName = Release;
		};
		F996E4ED2AE4D82800EC3E70 /* Build configuration list for PBXNativeTarget "gpslogger-swiftui" */ = {
			isa = XCConfigurationList;
			buildConfigurations = (
				F996E4EE2AE4D82800EC3E70 /* Debug */,
				F996E4EF2AE4D82800EC3E70 /* Release */,
			);
			defaultConfigurationIsVisible = 0;
			defaultConfigurationName = Release;
		};
		F996E4F02AE4D82800EC3E70 /* Build configuration list for PBXNativeTarget "gpslogger-swiftuiTests" */ = {
			isa = XCConfigurationList;
			buildConfigurations = (
				F996E4F12AE4D82800EC3E70 /* Debug */,
				F996E4F22AE4D82800EC3E70 /* Release */,
			);
			defaultConfigurationIsVisible = 0;
			defaultConfigurationName = Release;
		};
		F996E4F32AE4D82800EC3E70 /* Build configuration list for PBXNativeTarget "gpslogger-swiftuiUITests" */ = {
			isa = XCConfigurationList;
			buildConfigurations = (
				F996E4F42AE4D82800EC3E70 /* Debug */,
				F996E4F52AE4D82800EC3E70 /* Release */,
			);
			defaultConfigurationIsVisible = 0;
			defaultConfigurationName = Release;
		};
/* End XCConfigurationList section */
	};
	rootObject = F996E4BE2AE4D82600EC3E70 /* Project object */;
}
